
Microsoft Visual Studio Solution File, Format Version 12.00
# Visual Studio Version 17
VisualStudioVersion = 17.0.32112.339
MinimumVisualStudioVersion = 10.0.40219.1
Project("{FAE04EC0-301F-11D3-BF4B-00C04F79EFBC}") = "NhapChuoi", "NhapChuoi\NhapChuoi.csproj", "{6B858182-A2D8-49E8-BD68-8999159C8927}"
EndProject
Global
	GlobalSection(SolutionConfigurationPlatforms) = preSolution
		Debug|Any CPU = Debug|Any CPU
		Release|Any CPU = Release|Any CPU
	EndGlobalSection
	GlobalSection(ProjectConfigurationPlatforms) = postSolution
		{6B858182-A2D8-49E8-BD68-8999159C8927}.Debug|Any CPU.ActiveCfg = Debug|Any CPU
		{6B858182-A2D8-49E8-BD68-8999159C8927}.Debug|Any CPU.Build.0 = Debug|Any CPU
		{6B858182-A2D8-49E8-BD68-8999159C8927}.Release|Any CPU.ActiveCfg = Release|Any CPU
		{6B858182-A2D8-49E8-BD68-8999159C8927}.Release|Any CPU.Build.0 = Release|Any CPU
	EndGlobalSection
	GlobalSection(SolutionProperties) = preSolution
		HideSolutionNode = FALSE
	EndGlobalSection
	GlobalSection(ExtensibilityGlobals) = postSolution
		SolutionGuid = {CC230792-85C7-4C53-A5AB-B7ACA0B7EB53}
	EndGlobalSection
EndGlobal
