
Microsoft Visual Studio Solution File, Format Version 12.00
# Visual Studio 14
VisualStudioVersion = 14.0.25420.1
MinimumVisualStudioVersion = 10.0.40219.1
Project("{FAE04EC0-301F-11D3-BF4B-00C04F79EFBC}") = "reportView", "reportView\reportView.csproj", "{437DC43B-A0DA-4B10-A3D2-FB7D21F39098}"
EndProject
Global
	GlobalSection(SolutionConfigurationPlatforms) = preSolution
		Debug|Any CPU = Debug|Any CPU
		Release|Any CPU = Release|Any CPU
	EndGlobalSection
	GlobalSection(ProjectConfigurationPlatforms) = postSolution
		{437DC43B-A0DA-4B10-A3D2-FB7D21F39098}.Debug|Any CPU.ActiveCfg = Debug|Any CPU
		{437DC43B-A0DA-4B10-A3D2-FB7D21F39098}.Debug|Any CPU.Build.0 = Debug|Any CPU
		{437DC43B-A0DA-4B10-A3D2-FB7D21F39098}.Release|Any CPU.ActiveCfg = Release|Any CPU
		{437DC43B-A0DA-4B10-A3D2-FB7D21F39098}.Release|Any CPU.Build.0 = Release|Any CPU
	EndGlobalSection
	GlobalSection(SolutionProperties) = preSolution
		HideSolutionNode = FALSE
	EndGlobalSection
EndGlobal
