
Microsoft Visual Studio Solution File, Format Version 12.00
# Visual Studio Version 17
VisualStudioVersion = 17.0.32112.339
MinimumVisualStudioVersion = 10.0.40219.1
Project("{FAE04EC0-301F-11D3-BF4B-00C04F79EFBC}") = "TinhTienKhamRang", "TinhTienKhamRang\TinhTienKhamRang.csproj", "{A3DC7452-CCC3-4459-BC95-8BD105486F83}"
EndProject
Global
	GlobalSection(SolutionConfigurationPlatforms) = preSolution
		Debug|Any CPU = Debug|Any CPU
		Release|Any CPU = Release|Any CPU
	EndGlobalSection
	GlobalSection(ProjectConfigurationPlatforms) = postSolution
		{A3DC7452-CCC3-4459-BC95-8BD105486F83}.Debug|Any CPU.ActiveCfg = Debug|Any CPU
		{A3DC7452-CCC3-4459-BC95-8BD105486F83}.Debug|Any CPU.Build.0 = Debug|Any CPU
		{A3DC7452-CCC3-4459-BC95-8BD105486F83}.Release|Any CPU.ActiveCfg = Release|Any CPU
		{A3DC7452-CCC3-4459-BC95-8BD105486F83}.Release|Any CPU.Build.0 = Release|Any CPU
	EndGlobalSection
	GlobalSection(SolutionProperties) = preSolution
		HideSolutionNode = FALSE
	EndGlobalSection
	GlobalSection(ExtensibilityGlobals) = postSolution
		SolutionGuid = {9B970C33-5C6F-439E-B6C1-FFC39ACDEA1A}
	EndGlobalSection
EndGlobal
