
Microsoft Visual Studio Solution File, Format Version 12.00
# Visual Studio Version 17
VisualStudioVersion = 17.0.32112.339
MinimumVisualStudioVersion = 10.0.40219.1
Project("{FAE04EC0-301F-11D3-BF4B-00C04F79EFBC}") = "BanPhimAo", "BanPhimAo\BanPhimAo.csproj", "{93DC23E0-6C57-406D-AE91-5DF6AE926D6A}"
EndProject
Global
	GlobalSection(SolutionConfigurationPlatforms) = preSolution
		Debug|Any CPU = Debug|Any CPU
		Release|Any CPU = Release|Any CPU
	EndGlobalSection
	GlobalSection(ProjectConfigurationPlatforms) = postSolution
		{93DC23E0-6C57-406D-AE91-5DF6AE926D6A}.Debug|Any CPU.ActiveCfg = Debug|Any CPU
		{93DC23E0-6C57-406D-AE91-5DF6AE926D6A}.Debug|Any CPU.Build.0 = Debug|Any CPU
		{93DC23E0-6C57-406D-AE91-5DF6AE926D6A}.Release|Any CPU.ActiveCfg = Release|Any CPU
		{93DC23E0-6C57-406D-AE91-5DF6AE926D6A}.Release|Any CPU.Build.0 = Release|Any CPU
	EndGlobalSection
	GlobalSection(SolutionProperties) = preSolution
		HideSolutionNode = FALSE
	EndGlobalSection
	GlobalSection(ExtensibilityGlobals) = postSolution
		SolutionGuid = {389DB9B0-672C-4AE2-85F4-120B733A24A2}
	EndGlobalSection
EndGlobal
